
Microsoft Visual Studio Solution File, Format Version 12.00
# Visual Studio Version 17
VisualStudioVersion = 17.13.35931.197 d17.13
MinimumVisualStudioVersion = 10.0.40219.1
Project("{FAE04EC0-301F-11D3-BF4B-00C04F79EFBC}") = "Movie Database", "Movie Database.csproj", "{90607C9B-40C3-419B-994B-B4520D056A76}"
EndProject
Global
	GlobalSection(SolutionConfigurationPlatforms) = preSolution
		Debug|Any CPU = Debug|Any CPU
		Release|Any CPU = Release|Any CPU
	EndGlobalSection
	GlobalSection(ProjectConfigurationPlatforms) = postSolution
		{90607C9B-40C3-419B-994B-B4520D056A76}.Debug|Any CPU.ActiveCfg = Debug|Any CPU
		{90607C9B-40C3-419B-994B-B4520D056A76}.Debug|Any CPU.Build.0 = Debug|Any CPU
		{90607C9B-40C3-419B-994B-B4520D056A76}.Release|Any CPU.ActiveCfg = Release|Any CPU
		{90607C9B-40C3-419B-994B-B4520D056A76}.Release|Any CPU.Build.0 = Release|Any CPU
	EndGlobalSection
	GlobalSection(SolutionProperties) = preSolution
		HideSolutionNode = FALSE
	EndGlobalSection
	GlobalSection(ExtensibilityGlobals) = postSolution
		SolutionGuid = {756D26EB-6689-451A-9A38-64294D07D88F}
	EndGlobalSection
EndGlobal
